
Microsoft Visual Studio Solution File, Format Version 12.00
# Visual Studio Version 17
VisualStudioVersion = 17.13.35825.156 d17.13
MinimumVisualStudioVersion = 10.0.40219.1
Project("{FAE04EC0-301F-11D3-BF4B-00C04F79EFBC}") = "RestaurantApp", "RestaurantApp\RestaurantApp.csproj", "{D524F763-2F48-4ED3-B3F5-DAE75ACC9E0A}"
EndProject
Global
	GlobalSection(SolutionConfigurationPlatforms) = preSolution
		Debug|Any CPU = Debug|Any CPU
		Release|Any CPU = Release|Any CPU
	EndGlobalSection
	GlobalSection(ProjectConfigurationPlatforms) = postSolution
		{D524F763-2F48-4ED3-B3F5-DAE75ACC9E0A}.Debug|Any CPU.ActiveCfg = Debug|Any CPU
		{D524F763-2F48-4ED3-B3F5-DAE75ACC9E0A}.Debug|Any CPU.Build.0 = Debug|Any CPU
		{D524F763-2F48-4ED3-B3F5-DAE75ACC9E0A}.Release|Any CPU.ActiveCfg = Release|Any CPU
		{D524F763-2F48-4ED3-B3F5-DAE75ACC9E0A}.Release|Any CPU.Build.0 = Release|Any CPU
	EndGlobalSection
	GlobalSection(SolutionProperties) = preSolution
		HideSolutionNode = FALSE
	EndGlobalSection
	GlobalSection(ExtensibilityGlobals) = postSolution
		SolutionGuid = {A8C22BF7-0098-422B-AF3F-0AB6A3A712D1}
	EndGlobalSection
EndGlobal
